
Microsoft Visual Studio Solution File, Format Version 12.00
# Visual Studio Version 17
VisualStudioVersion = 17.13.35931.197 d17.13
MinimumVisualStudioVersion = 10.0.40219.1
Project("{FAE04EC0-301F-11D3-BF4B-00C04F79EFBC}") = "Diglett.Web", "Diglett.Web\Diglett.Web.csproj", "{7090A84D-401C-4AFB-ADC5-2A48942377E9}"
EndProject
Global
	GlobalSection(SolutionConfigurationPlatforms) = preSolution
		Debug|Any CPU = Debug|Any CPU
		Release|Any CPU = Release|Any CPU
	EndGlobalSection
	GlobalSection(ProjectConfigurationPlatforms) = postSolution
		{7090A84D-401C-4AFB-ADC5-2A48942377E9}.Debug|Any CPU.ActiveCfg = Debug|Any CPU
		{7090A84D-401C-4AFB-ADC5-2A48942377E9}.Debug|Any CPU.Build.0 = Debug|Any CPU
		{7090A84D-401C-4AFB-ADC5-2A48942377E9}.Release|Any CPU.ActiveCfg = Release|Any CPU
		{7090A84D-401C-4AFB-ADC5-2A48942377E9}.Release|Any CPU.Build.0 = Release|Any CPU
	EndGlobalSection
	GlobalSection(SolutionProperties) = preSolution
		HideSolutionNode = FALSE
	EndGlobalSection
	GlobalSection(ExtensibilityGlobals) = postSolution
		SolutionGuid = {E270E3D6-E1B4-432B-BE52-6E42FAF2ACBB}
	EndGlobalSection
EndGlobal
